
Microsoft Visual Studio Solution File, Format Version 12.00
# Visual Studio 15
Project("{FAE04EC0-301F-11D3-BF4B-00C04F79EFBC}") = "UnityEngine.UI", "UnityEngine.UI.csproj", "{6363789F-8831-4F84-5DBA-3AF555C23975}"
EndProject
Project("{FAE04EC0-301F-11D3-BF4B-00C04F79EFBC}") = "Unity.2D.Tilemap.Editor", "Unity.2D.Tilemap.Editor.csproj", "{4C84EDFF-56C4-F823-4BBC-266F81C40192}"
EndProject
Project("{FAE04EC0-301F-11D3-BF4B-00C04F79EFBC}") = "Unity.2D.Sprite.Editor", "Unity.2D.Sprite.Editor.csproj", "{8BD83D01-3016-AE5A-BF19-1C21F04946BC}"
EndProject
Project("{FAE04EC0-301F-11D3-BF4B-00C04F79EFBC}") = "UnityEditor.UI", "UnityEditor.UI.csproj", "{BAFEF7BE-DA26-DE1F-84DA-0ED59EB0EA28}"
EndProject
Project("{FAE04EC0-301F-11D3-BF4B-00C04F79EFBC}") = "UnityEngine.UI", "UnityEngine.UI.Player.csproj", "{7125CA94-BC23-8DF4-A908-F85BFA14BB7F}"
EndProject
Global
	GlobalSection(SolutionConfigurationPlatforms) = preSolution
		Debug|Any CPU = Debug|Any CPU
		Release|Any CPU = Release|Any CPU
	EndGlobalSection
	GlobalSection(ProjectConfigurationPlatforms) = postSolution
		{6363789F-8831-4F84-5DBA-3AF555C23975}.Debug|Any CPU.ActiveCfg = Debug|Any CPU
		{6363789F-8831-4F84-5DBA-3AF555C23975}.Debug|Any CPU.Build.0 = Debug|Any CPU
		{6363789F-8831-4F84-5DBA-3AF555C23975}.Release|Any CPU.ActiveCfg = Release|Any CPU
		{6363789F-8831-4F84-5DBA-3AF555C23975}.Release|Any CPU.Build.0 = Release|Any CPU
		{4C84EDFF-56C4-F823-4BBC-266F81C40192}.Debug|Any CPU.ActiveCfg = Debug|Any CPU
		{4C84EDFF-56C4-F823-4BBC-266F81C40192}.Debug|Any CPU.Build.0 = Debug|Any CPU
		{4C84EDFF-56C4-F823-4BBC-266F81C40192}.Release|Any CPU.ActiveCfg = Release|Any CPU
		{4C84EDFF-56C4-F823-4BBC-266F81C40192}.Release|Any CPU.Build.0 = Release|Any CPU
		{8BD83D01-3016-AE5A-BF19-1C21F04946BC}.Debug|Any CPU.ActiveCfg = Debug|Any CPU
		{8BD83D01-3016-AE5A-BF19-1C21F04946BC}.Debug|Any CPU.Build.0 = Debug|Any CPU
		{8BD83D01-3016-AE5A-BF19-1C21F04946BC}.Release|Any CPU.ActiveCfg = Release|Any CPU
		{8BD83D01-3016-AE5A-BF19-1C21F04946BC}.Release|Any CPU.Build.0 = Release|Any CPU
		{BAFEF7BE-DA26-DE1F-84DA-0ED59EB0EA28}.Debug|Any CPU.ActiveCfg = Debug|Any CPU
		{BAFEF7BE-DA26-DE1F-84DA-0ED59EB0EA28}.Debug|Any CPU.Build.0 = Debug|Any CPU
		{BAFEF7BE-DA26-DE1F-84DA-0ED59EB0EA28}.Release|Any CPU.ActiveCfg = Release|Any CPU
		{BAFEF7BE-DA26-DE1F-84DA-0ED59EB0EA28}.Release|Any CPU.Build.0 = Release|Any CPU
		{7125CA94-BC23-8DF4-A908-F85BFA14BB7F}.Debug|Any CPU.ActiveCfg = Debug|Any CPU
		{7125CA94-BC23-8DF4-A908-F85BFA14BB7F}.Debug|Any CPU.Build.0 = Debug|Any CPU
		{7125CA94-BC23-8DF4-A908-F85BFA14BB7F}.Release|Any CPU.ActiveCfg = Release|Any CPU
		{7125CA94-BC23-8DF4-A908-F85BFA14BB7F}.Release|Any CPU.Build.0 = Release|Any CPU
	EndGlobalSection
	GlobalSection(SolutionProperties) = preSolution
		HideSolutionNode = FALSE
	EndGlobalSection
EndGlobal
